
Microsoft Visual Studio Solution File, Format Version 12.00
# Visual Studio Version 17
VisualStudioVersion = 17.2.32616.157
MinimumVisualStudioVersion = 10.0.40219.1
Project("{FAE04EC0-301F-11D3-BF4B-00C04F79EFBC}") = "ConsoleApp5", "ConsoleApp5\ConsoleApp5.csproj", "{353325F9-041D-453D-A461-5FEFA17111AC}"
EndProject
Global
	GlobalSection(SolutionConfigurationPlatforms) = preSolution
		Debug|Any CPU = Debug|Any CPU
		Release|Any CPU = Release|Any CPU
	EndGlobalSection
	GlobalSection(ProjectConfigurationPlatforms) = postSolution
		{353325F9-041D-453D-A461-5FEFA17111AC}.Debug|Any CPU.ActiveCfg = Debug|Any CPU
		{353325F9-041D-453D-A461-5FEFA17111AC}.Debug|Any CPU.Build.0 = Debug|Any CPU
		{353325F9-041D-453D-A461-5FEFA17111AC}.Release|Any CPU.ActiveCfg = Release|Any CPU
		{353325F9-041D-453D-A461-5FEFA17111AC}.Release|Any CPU.Build.0 = Release|Any CPU
	EndGlobalSection
	GlobalSection(SolutionProperties) = preSolution
		HideSolutionNode = FALSE
	EndGlobalSection
	GlobalSection(ExtensibilityGlobals) = postSolution
		SolutionGuid = {D2941736-ACD8-4E67-8BD5-47D18636D9D1}
	EndGlobalSection
EndGlobal
